
Microsoft Visual Studio Solution File, Format Version 12.00
# Visual Studio Version 16
VisualStudioVersion = 16.0.30621.155
MinimumVisualStudioVersion = 10.0.40219.1
Project("{FAE04EC0-301F-11D3-BF4B-00C04F79EFBC}") = "AdapterPattern", "AdapterPattern\AdapterPattern.csproj", "{B9FDE3DB-D02D-4A5B-A9A6-1B831AA3DEDD}"
EndProject
Project("{FAE04EC0-301F-11D3-BF4B-00C04F79EFBC}") = "BirdsNeedCorrection", "BirdsNeedCorrection\BirdsNeedCorrection.csproj", "{D29B232D-896C-415C-BF14-346A2C1A0B3A}"
EndProject
Project("{FAE04EC0-301F-11D3-BF4B-00C04F79EFBC}") = "RPGNeedsCorrection", "RPGNeedsCorrection\RPGNeedsCorrection.csproj", "{D6905205-D589-4D56-AAC8-95BE976ECF59}"
EndProject
Global
	GlobalSection(SolutionConfigurationPlatforms) = preSolution
		Debug|Any CPU = Debug|Any CPU
		Release|Any CPU = Release|Any CPU
	EndGlobalSection
	GlobalSection(ProjectConfigurationPlatforms) = postSolution
		{B9FDE3DB-D02D-4A5B-A9A6-1B831AA3DEDD}.Debug|Any CPU.ActiveCfg = Debug|Any CPU
		{B9FDE3DB-D02D-4A5B-A9A6-1B831AA3DEDD}.Debug|Any CPU.Build.0 = Debug|Any CPU
		{B9FDE3DB-D02D-4A5B-A9A6-1B831AA3DEDD}.Release|Any CPU.ActiveCfg = Release|Any CPU
		{B9FDE3DB-D02D-4A5B-A9A6-1B831AA3DEDD}.Release|Any CPU.Build.0 = Release|Any CPU
		{D29B232D-896C-415C-BF14-346A2C1A0B3A}.Debug|Any CPU.ActiveCfg = Debug|Any CPU
		{D29B232D-896C-415C-BF14-346A2C1A0B3A}.Debug|Any CPU.Build.0 = Debug|Any CPU
		{D29B232D-896C-415C-BF14-346A2C1A0B3A}.Release|Any CPU.ActiveCfg = Release|Any CPU
		{D29B232D-896C-415C-BF14-346A2C1A0B3A}.Release|Any CPU.Build.0 = Release|Any CPU
		{D6905205-D589-4D56-AAC8-95BE976ECF59}.Debug|Any CPU.ActiveCfg = Debug|Any CPU
		{D6905205-D589-4D56-AAC8-95BE976ECF59}.Debug|Any CPU.Build.0 = Debug|Any CPU
		{D6905205-D589-4D56-AAC8-95BE976ECF59}.Release|Any CPU.ActiveCfg = Release|Any CPU
		{D6905205-D589-4D56-AAC8-95BE976ECF59}.Release|Any CPU.Build.0 = Release|Any CPU
	EndGlobalSection
	GlobalSection(SolutionProperties) = preSolution
		HideSolutionNode = FALSE
	EndGlobalSection
	GlobalSection(ExtensibilityGlobals) = postSolution
		SolutionGuid = {DEFD131D-E610-4013-9511-07551CF125B6}
	EndGlobalSection
EndGlobal
